
Microsoft Visual Studio Solution File, Format Version 12.00
# Visual Studio Version 17
VisualStudioVersion = 17.3.32825.248
MinimumVisualStudioVersion = 10.0.40219.1
Project("{FAE04EC0-301F-11D3-BF4B-00C04F79EFBC}") = "AdventOfCode2022", "AdventOfCode2022.csproj", "{BF15ACAC-A988-4B10-90ED-E553071809A1}"
EndProject
Project("{FAE04EC0-301F-11D3-BF4B-00C04F79EFBC}") = "AdventOfCode", "AdventOfCode\AdventOfCode.csproj", "{CA4A60D0-1347-4ECD-8A90-CDFE1CC8CA50}"
EndProject
Global
	GlobalSection(SolutionConfigurationPlatforms) = preSolution
		Debug|Any CPU = Debug|Any CPU
		Release|Any CPU = Release|Any CPU
	EndGlobalSection
	GlobalSection(ProjectConfigurationPlatforms) = postSolution
		{BF15ACAC-A988-4B10-90ED-E553071809A1}.Debug|Any CPU.ActiveCfg = Debug|Any CPU
		{BF15ACAC-A988-4B10-90ED-E553071809A1}.Debug|Any CPU.Build.0 = Debug|Any CPU
		{BF15ACAC-A988-4B10-90ED-E553071809A1}.Release|Any CPU.ActiveCfg = Release|Any CPU
		{BF15ACAC-A988-4B10-90ED-E553071809A1}.Release|Any CPU.Build.0 = Release|Any CPU
		{CA4A60D0-1347-4ECD-8A90-CDFE1CC8CA50}.Debug|Any CPU.ActiveCfg = Debug|Any CPU
		{CA4A60D0-1347-4ECD-8A90-CDFE1CC8CA50}.Debug|Any CPU.Build.0 = Debug|Any CPU
		{CA4A60D0-1347-4ECD-8A90-CDFE1CC8CA50}.Release|Any CPU.ActiveCfg = Release|Any CPU
		{CA4A60D0-1347-4ECD-8A90-CDFE1CC8CA50}.Release|Any CPU.Build.0 = Release|Any CPU
	EndGlobalSection
	GlobalSection(SolutionProperties) = preSolution
		HideSolutionNode = FALSE
	EndGlobalSection
	GlobalSection(ExtensibilityGlobals) = postSolution
		SolutionGuid = {53A10A60-0AB6-4F4C-9F26-4C3424EFF5AB}
	EndGlobalSection
EndGlobal
